# This is a Gradle generated file for dependency locking.
# Manual edits can break the build and are not advised.
# This file is expected to be part of source control.
ch.qos.logback:logback-classic:1.3.5=ktlint
ch.qos.logback:logback-classic:1.5.18=testCompileClasspath,testImplementationDependenciesMetadata,testRuntimeClasspath
ch.qos.logback:logback-core:1.3.5=ktlint
ch.qos.logback:logback-core:1.5.18=testCompileClasspath,testImplementationDependenciesMetadata,testRuntimeClasspath
com.alibaba.fastjson2:fastjson2-extension-spring6:2.0.53=testRuntimeClasspath
com.alibaba.fastjson2:fastjson2-extension:2.0.53=testRuntimeClasspath
com.alibaba.fastjson2:fastjson2-kotlin:2.0.53=testRuntimeClasspath
com.alibaba.fastjson2:fastjson2:2.0.53=testRuntimeClasspath
com.apollographql.federation:federation-graphql-java-support:5.1.0=testRuntimeClasspath
com.expediagroup:graphql-kotlin-automatic-persisted-queries:8.8.1=testRuntimeClasspath
com.expediagroup:graphql-kotlin-dataloader-instrumentation:8.8.1=testRuntimeClasspath
com.expediagroup:graphql-kotlin-dataloader:8.8.1=testRuntimeClasspath
com.expediagroup:graphql-kotlin-federation:8.8.1=testRuntimeClasspath
com.expediagroup:graphql-kotlin-schema-generator:8.8.1=testRuntimeClasspath
com.expediagroup:graphql-kotlin-server:8.8.1=testRuntimeClasspath
com.expediagroup:graphql-kotlin-spring-server:8.8.1=testRuntimeClasspath
com.fasterxml.jackson.core:jackson-annotations:2.12.7=dokkaGfmPartialPlugin,dokkaGfmPartialRuntime,dokkaGfmPlugin,dokkaGfmRuntime,dokkaHtmlPartialPlugin,dokkaHtmlPartialRuntime,dokkaHtmlPlugin,dokkaHtmlRuntime,dokkaJavadocPartialPlugin,dokkaJavadocPartialRuntime,dokkaJavadocPlugin,dokkaJavadocRuntime,dokkaJekyllPartialPlugin,dokkaJekyllPartialRuntime,dokkaJekyllPlugin,dokkaJekyllRuntime
com.fasterxml.jackson.core:jackson-annotations:2.19.2=testRuntimeClasspath
com.fasterxml.jackson.core:jackson-core:2.12.7=dokkaGfmPartialPlugin,dokkaGfmPartialRuntime,dokkaGfmPlugin,dokkaGfmRuntime,dokkaHtmlPartialPlugin,dokkaHtmlPartialRuntime,dokkaHtmlPlugin,dokkaHtmlRuntime,dokkaJavadocPartialPlugin,dokkaJavadocPartialRuntime,dokkaJavadocPlugin,dokkaJavadocRuntime,dokkaJekyllPartialPlugin,dokkaJekyllPartialRuntime,dokkaJekyllPlugin,dokkaJekyllRuntime
com.fasterxml.jackson.core:jackson-core:2.19.2=testRuntimeClasspath
com.fasterxml.jackson.core:jackson-databind:2.12.7.1=dokkaGfmPartialPlugin,dokkaGfmPartialRuntime,dokkaGfmPlugin,dokkaGfmRuntime,dokkaHtmlPartialPlugin,dokkaHtmlPartialRuntime,dokkaHtmlPlugin,dokkaHtmlRuntime,dokkaJavadocPartialPlugin,dokkaJavadocPartialRuntime,dokkaJavadocPlugin,dokkaJavadocRuntime,dokkaJekyllPartialPlugin,dokkaJekyllPartialRuntime,dokkaJekyllPlugin,dokkaJekyllRuntime
com.fasterxml.jackson.core:jackson-databind:2.19.2=testRuntimeClasspath
com.fasterxml.jackson.dataformat:jackson-dataformat-xml:2.12.7=dokkaGfmPartialRuntime,dokkaGfmRuntime,dokkaHtmlPartialRuntime,dokkaHtmlRuntime,dokkaJavadocPartialRuntime,dokkaJavadocRuntime,dokkaJekyllPartialRuntime,dokkaJekyllRuntime
com.fasterxml.jackson.datatype:jackson-datatype-jdk8:2.19.2=testRuntimeClasspath
com.fasterxml.jackson.datatype:jackson-datatype-jsr310:2.19.2=testRuntimeClasspath
com.fasterxml.jackson.module:jackson-module-jaxb-annotations:2.12.7=dokkaGfmPartialRuntime,dokkaGfmRuntime,dokkaHtmlPartialRuntime,dokkaHtmlRuntime,dokkaJavadocPartialRuntime,dokkaJavadocRuntime,dokkaJekyllPartialRuntime,dokkaJekyllRuntime
com.fasterxml.jackson.module:jackson-module-kotlin:2.12.7=dokkaGfmPartialPlugin,dokkaGfmPartialRuntime,dokkaGfmPlugin,dokkaGfmRuntime,dokkaHtmlPartialPlugin,dokkaHtmlPartialRuntime,dokkaHtmlPlugin,dokkaHtmlRuntime,dokkaJavadocPartialPlugin,dokkaJavadocPartialRuntime,dokkaJavadocPlugin,dokkaJavadocRuntime,dokkaJekyllPartialPlugin,dokkaJekyllPartialRuntime,dokkaJekyllPlugin,dokkaJekyllRuntime
com.fasterxml.jackson.module:jackson-module-kotlin:2.19.2=testRuntimeClasspath
com.fasterxml.jackson.module:jackson-module-parameter-names:2.19.2=testRuntimeClasspath
com.fasterxml.jackson:jackson-bom:2.12.7=dokkaGfmPartialPlugin,dokkaGfmPartialRuntime,dokkaGfmPlugin,dokkaGfmRuntime,dokkaHtmlPartialPlugin,dokkaHtmlPartialRuntime,dokkaHtmlPlugin,dokkaHtmlRuntime,dokkaJavadocPartialPlugin,dokkaJavadocPartialRuntime,dokkaJavadocPlugin,dokkaJavadocRuntime,dokkaJekyllPartialPlugin,dokkaJekyllPartialRuntime,dokkaJekyllPlugin,dokkaJekyllRuntime
com.fasterxml.jackson:jackson-bom:2.19.2=testRuntimeClasspath
com.fasterxml.woodstox:woodstox-core:6.2.4=dokkaGfmPartialRuntime,dokkaGfmRuntime,dokkaHtmlPartialRuntime,dokkaHtmlRuntime,dokkaJavadocPartialRuntime,dokkaJavadocRuntime,dokkaJekyllPartialRuntime,dokkaJekyllRuntime
com.google.protobuf:protobuf-java:4.27.1=testRuntimeClasspath
com.graphql-java:graphql-java:22.4=testRuntimeClasspath
com.graphql-java:java-dataloader:3.3.0=testRuntimeClasspath
com.jayway.jsonpath:json-path:2.9.0=testCompileClasspath,testImplementationDependenciesMetadata,testRuntimeClasspath
com.pinterest.ktlint:ktlint-cli-reporter-baseline:1.0.1=ktlint,ktlintBaselineReporter
com.pinterest.ktlint:ktlint-cli-reporter-checkstyle:1.0.1=ktlint
com.pinterest.ktlint:ktlint-cli-reporter-core:1.0.1=ktlint,ktlintBaselineReporter
com.pinterest.ktlint:ktlint-cli-reporter-format:1.0.1=ktlint
com.pinterest.ktlint:ktlint-cli-reporter-html:1.0.1=ktlint
com.pinterest.ktlint:ktlint-cli-reporter-json:1.0.1=ktlint
com.pinterest.ktlint:ktlint-cli-reporter-plain-summary:1.0.1=ktlint
com.pinterest.ktlint:ktlint-cli-reporter-plain:1.0.1=ktlint
com.pinterest.ktlint:ktlint-cli-reporter-sarif:1.0.1=ktlint
com.pinterest.ktlint:ktlint-cli-ruleset-core:1.0.1=ktlint,ktlintRuleset
com.pinterest.ktlint:ktlint-cli:1.0.1=ktlint
com.pinterest.ktlint:ktlint-logger:1.0.1=ktlint,ktlintBaselineReporter,ktlintRuleset
com.pinterest.ktlint:ktlint-rule-engine-core:1.0.1=ktlint,ktlintBaselineReporter,ktlintRuleset
com.pinterest.ktlint:ktlint-rule-engine:1.0.1=ktlint
com.pinterest.ktlint:ktlint-ruleset-standard:1.0.1=ktlint,ktlintRuleset
com.squareup.okhttp3:okhttp-jvm:5.1.0=runtimeClasspath,testRuntimeClasspath
com.squareup.okio:okio-jvm:3.15.0=runtimeClasspath,testRuntimeClasspath
com.squareup.okio:okio:3.15.0=runtimeClasspath,testRuntimeClasspath
com.vaadin.external.google:android-json:0.0.20131108.vaadin1=testCompileClasspath,testImplementationDependenciesMetadata,testRuntimeClasspath
dev.drewhamilton.poko:poko-annotations-jvm:0.15.0=ktlint,ktlintBaselineReporter,ktlintRuleset
dev.drewhamilton.poko:poko-annotations:0.15.0=ktlint,ktlintBaselineReporter,ktlintRuleset
dev.openfeature:sdk:1.15.1=testRuntimeClasspath
info.picocli:picocli:4.7.5=ktlint
io.github.classgraph:classgraph:4.8.174=testRuntimeClasspath
io.github.detekt.sarif4k:sarif4k-jvm:0.5.0=ktlint,ktlintReporter
io.github.detekt.sarif4k:sarif4k:0.5.0=ktlint,ktlintReporter
io.github.oshai:kotlin-logging-jvm:5.1.0=ktlint,ktlintBaselineReporter,ktlintReporter,ktlintRuleset
io.github.oshai:kotlin-logging:5.1.0=ktlint,ktlintBaselineReporter,ktlintReporter
io.ktor:ktor-client-cio-jvm:3.1.3=compileClasspath,implementationDependenciesMetadata,runtimeClasspath,testCompileClasspath,testImplementationDependenciesMetadata,testRuntimeClasspath
io.ktor:ktor-client-core-jvm:3.1.3=compileClasspath,runtimeClasspath,testCompileClasspath,testRuntimeClasspath
io.ktor:ktor-client-core:3.1.3=compileClasspath,implementationDependenciesMetadata,runtimeClasspath,testCompileClasspath,testImplementationDependenciesMetadata,testRuntimeClasspath
io.ktor:ktor-client-websockets-jvm:3.1.3=compileClasspath,runtimeClasspath,testCompileClasspath,testRuntimeClasspath
io.ktor:ktor-client-websockets:3.1.3=compileClasspath,implementationDependenciesMetadata,runtimeClasspath,testCompileClasspath,testImplementationDependenciesMetadata,testRuntimeClasspath
io.ktor:ktor-events-jvm:3.1.3=compileClasspath,runtimeClasspath,testCompileClasspath,testRuntimeClasspath
io.ktor:ktor-events:3.1.3=compileClasspath,implementationDependenciesMetadata,runtimeClasspath,testCompileClasspath,testImplementationDependenciesMetadata,testRuntimeClasspath
io.ktor:ktor-http-cio-jvm:3.1.3=compileClasspath,runtimeClasspath,testCompileClasspath,testRuntimeClasspath
io.ktor:ktor-http-cio:3.1.3=compileClasspath,implementationDependenciesMetadata,runtimeClasspath,testCompileClasspath,testImplementationDependenciesMetadata,testRuntimeClasspath
io.ktor:ktor-http-jvm:3.1.3=compileClasspath,runtimeClasspath,testCompileClasspath,testRuntimeClasspath
io.ktor:ktor-http:3.1.3=compileClasspath,implementationDependenciesMetadata,runtimeClasspath,testCompileClasspath,testImplementationDependenciesMetadata,testRuntimeClasspath
io.ktor:ktor-io-jvm:3.1.3=compileClasspath,runtimeClasspath,testCompileClasspath,testRuntimeClasspath
io.ktor:ktor-io:3.1.3=compileClasspath,implementationDependenciesMetadata,runtimeClasspath,testCompileClasspath,testImplementationDependenciesMetadata,testRuntimeClasspath
io.ktor:ktor-network-jvm:3.1.3=compileClasspath,runtimeClasspath,testCompileClasspath,testRuntimeClasspath
io.ktor:ktor-network-tls-jvm:3.1.3=compileClasspath,runtimeClasspath,testCompileClasspath,testRuntimeClasspath
io.ktor:ktor-network-tls:3.1.3=compileClasspath,implementationDependenciesMetadata,runtimeClasspath,testCompileClasspath,testImplementationDependenciesMetadata,testRuntimeClasspath
io.ktor:ktor-network:3.1.3=compileClasspath,implementationDependenciesMetadata,runtimeClasspath,testCompileClasspath,testImplementationDependenciesMetadata,testRuntimeClasspath
io.ktor:ktor-serialization-jvm:3.1.3=compileClasspath,runtimeClasspath,testCompileClasspath,testRuntimeClasspath
io.ktor:ktor-serialization-kotlinx-json-jvm:3.1.3=compileClasspath,runtimeClasspath,testCompileClasspath,testRuntimeClasspath
io.ktor:ktor-serialization-kotlinx-json:3.1.3=compileClasspath,implementationDependenciesMetadata,runtimeClasspath,testCompileClasspath,testImplementationDependenciesMetadata,testRuntimeClasspath
io.ktor:ktor-serialization-kotlinx-jvm:3.1.3=compileClasspath,runtimeClasspath,testCompileClasspath,testRuntimeClasspath
io.ktor:ktor-serialization-kotlinx:3.1.3=compileClasspath,implementationDependenciesMetadata,runtimeClasspath,testCompileClasspath,testImplementationDependenciesMetadata,testRuntimeClasspath
io.ktor:ktor-serialization:3.1.3=compileClasspath,implementationDependenciesMetadata,runtimeClasspath,testCompileClasspath,testImplementationDependenciesMetadata,testRuntimeClasspath
io.ktor:ktor-sse-jvm:3.1.3=compileClasspath,runtimeClasspath,testCompileClasspath,testRuntimeClasspath
io.ktor:ktor-sse:3.1.3=compileClasspath,implementationDependenciesMetadata,runtimeClasspath,testCompileClasspath,testImplementationDependenciesMetadata,testRuntimeClasspath
io.ktor:ktor-utils-jvm:3.1.3=compileClasspath,runtimeClasspath,testCompileClasspath,testRuntimeClasspath
io.ktor:ktor-utils:3.1.3=compileClasspath,implementationDependenciesMetadata,runtimeClasspath,testCompileClasspath,testImplementationDependenciesMetadata,testRuntimeClasspath
io.ktor:ktor-websocket-serialization-jvm:3.1.3=compileClasspath,runtimeClasspath,testCompileClasspath,testRuntimeClasspath
io.ktor:ktor-websocket-serialization:3.1.3=compileClasspath,implementationDependenciesMetadata,runtimeClasspath,testCompileClasspath,testImplementationDependenciesMetadata,testRuntimeClasspath
io.ktor:ktor-websockets-jvm:3.1.3=compileClasspath,runtimeClasspath,testCompileClasspath,testRuntimeClasspath
io.ktor:ktor-websockets:3.1.3=compileClasspath,implementationDependenciesMetadata,runtimeClasspath,testCompileClasspath,testImplementationDependenciesMetadata,testRuntimeClasspath
io.micrometer:micrometer-commons:1.14.7=testCompileClasspath,testImplementationDependenciesMetadata,testRuntimeClasspath
io.micrometer:micrometer-observation:1.14.7=testCompileClasspath,testImplementationDependenciesMetadata,testRuntimeClasspath
io.micrometer:micrometer-tracing-bom:1.4.5=testRuntimeClasspath
io.mockk:mockk-agent-api-jvm:1.14.2=testCompileClasspath,testRuntimeClasspath
io.mockk:mockk-agent-api:1.14.2=testCompileClasspath,testImplementationDependenciesMetadata,testRuntimeClasspath
io.mockk:mockk-agent-jvm:1.14.2=testCompileClasspath,testRuntimeClasspath
io.mockk:mockk-agent:1.14.2=testCompileClasspath,testImplementationDependenciesMetadata,testRuntimeClasspath
io.mockk:mockk-core-jvm:1.14.2=testCompileClasspath,testRuntimeClasspath
io.mockk:mockk-core:1.14.2=testCompileClasspath,testImplementationDependenciesMetadata,testRuntimeClasspath
io.mockk:mockk-dsl-jvm:1.14.2=testCompileClasspath,testRuntimeClasspath
io.mockk:mockk-dsl:1.14.2=testCompileClasspath,testImplementationDependenciesMetadata,testRuntimeClasspath
io.mockk:mockk-jvm:1.14.2=testCompileClasspath,testRuntimeClasspath
io.mockk:mockk:1.14.2=testCompileClasspath,testImplementationDependenciesMetadata,testRuntimeClasspath
io.modelcontextprotocol.sdk:mcp:0.10.0=testRuntimeClasspath
io.netty:netty-buffer:4.1.121.Final=testRuntimeClasspath
io.netty:netty-codec-dns:4.1.121.Final=testRuntimeClasspath
io.netty:netty-codec-http2:4.1.121.Final=testRuntimeClasspath
io.netty:netty-codec-http:4.1.121.Final=testRuntimeClasspath
io.netty:netty-codec-socks:4.1.121.Final=testRuntimeClasspath
io.netty:netty-codec:4.1.121.Final=testRuntimeClasspath
io.netty:netty-common:4.1.121.Final=testRuntimeClasspath
io.netty:netty-handler-proxy:4.1.121.Final=testRuntimeClasspath
io.netty:netty-handler:4.1.121.Final=testRuntimeClasspath
io.netty:netty-resolver-dns-classes-macos:4.1.121.Final=testRuntimeClasspath
io.netty:netty-resolver-dns-native-macos:4.1.121.Final=testRuntimeClasspath
io.netty:netty-resolver-dns:4.1.121.Final=testRuntimeClasspath
io.netty:netty-resolver:4.1.121.Final=testRuntimeClasspath
io.netty:netty-transport-classes-epoll:4.1.121.Final=testRuntimeClasspath
io.netty:netty-transport-native-epoll:4.1.121.Final=testRuntimeClasspath
io.netty:netty-transport-native-unix-common:4.1.121.Final=testRuntimeClasspath
io.netty:netty-transport:4.1.121.Final=testRuntimeClasspath
io.opentelemetry.instrumentation:opentelemetry-instrumentation-api-incubator:2.18.1-alpha=compileClasspath,implementationDependenciesMetadata,runtimeClasspath,testCompileClasspath,testImplementationDependenciesMetadata,testRuntimeClasspath
io.opentelemetry.instrumentation:opentelemetry-instrumentation-api:2.18.1=compileClasspath,implementationDependenciesMetadata,runtimeClasspath,testCompileClasspath,testImplementationDependenciesMetadata,testRuntimeClasspath
io.opentelemetry.instrumentation:opentelemetry-ktor-2-common:2.18.1-alpha=compileClasspath,implementationDependenciesMetadata,runtimeClasspath,testCompileClasspath,testImplementationDependenciesMetadata,testRuntimeClasspath
io.opentelemetry.instrumentation:opentelemetry-ktor-3.0:2.18.1-alpha=compileClasspath,implementationDependenciesMetadata,runtimeClasspath,testCompileClasspath,testImplementationDependenciesMetadata,testRuntimeClasspath
io.opentelemetry.instrumentation:opentelemetry-ktor-common:2.18.1-alpha=runtimeClasspath,testRuntimeClasspath
io.opentelemetry.semconv:opentelemetry-semconv:1.34.0=compileClasspath,implementationDependenciesMetadata,runtimeClasspath,testCompileClasspath,testImplementationDependenciesMetadata,testRuntimeClasspath
io.opentelemetry:opentelemetry-api-incubator:1.52.0-alpha=compileClasspath,implementationDependenciesMetadata,runtimeClasspath,testCompileClasspath,testImplementationDependenciesMetadata,testRuntimeClasspath
io.opentelemetry:opentelemetry-api:1.54.0=compileClasspath,implementationDependenciesMetadata,runtimeClasspath,testCompileClasspath,testImplementationDependenciesMetadata,testRuntimeClasspath
io.opentelemetry:opentelemetry-common:1.54.0=compileClasspath,implementationDependenciesMetadata,runtimeClasspath,testCompileClasspath,testImplementationDependenciesMetadata,testRuntimeClasspath
io.opentelemetry:opentelemetry-context:1.54.0=compileClasspath,implementationDependenciesMetadata,runtimeClasspath,testCompileClasspath,testImplementationDependenciesMetadata,testRuntimeClasspath
io.opentelemetry:opentelemetry-exporter-common:1.54.0=runtimeClasspath,testRuntimeClasspath
io.opentelemetry:opentelemetry-exporter-otlp-common:1.54.0=runtimeClasspath,testRuntimeClasspath
io.opentelemetry:opentelemetry-exporter-otlp:1.54.0=compileClasspath,implementationDependenciesMetadata,runtimeClasspath,testCompileClasspath,testImplementationDependenciesMetadata,testRuntimeClasspath
io.opentelemetry:opentelemetry-exporter-sender-okhttp:1.54.0=runtimeClasspath,testRuntimeClasspath
io.opentelemetry:opentelemetry-extension-kotlin:1.52.0=runtimeClasspath,testRuntimeClasspath
io.opentelemetry:opentelemetry-sdk-common:1.54.0=compileClasspath,implementationDependenciesMetadata,runtimeClasspath,testCompileClasspath,testImplementationDependenciesMetadata,testRuntimeClasspath
io.opentelemetry:opentelemetry-sdk-extension-autoconfigure-spi:1.54.0=runtimeClasspath,testRuntimeClasspath
io.opentelemetry:opentelemetry-sdk-logs:1.54.0=compileClasspath,implementationDependenciesMetadata,runtimeClasspath,testCompileClasspath,testImplementationDependenciesMetadata,testRuntimeClasspath
io.opentelemetry:opentelemetry-sdk-metrics:1.54.0=compileClasspath,implementationDependenciesMetadata,runtimeClasspath,testCompileClasspath,testImplementationDependenciesMetadata,testRuntimeClasspath
io.opentelemetry:opentelemetry-sdk-trace:1.54.0=compileClasspath,implementationDependenciesMetadata,runtimeClasspath,testCompileClasspath,testImplementationDependenciesMetadata,testRuntimeClasspath
io.opentelemetry:opentelemetry-sdk:1.54.0=compileClasspath,implementationDependenciesMetadata,runtimeClasspath,testCompileClasspath,testImplementationDependenciesMetadata,testRuntimeClasspath
io.projectreactor.kotlin:reactor-kotlin-extensions:1.2.2=testRuntimeClasspath
io.projectreactor.netty:reactor-netty-core:1.2.6=testRuntimeClasspath
io.projectreactor.netty:reactor-netty-http:1.2.6=testRuntimeClasspath
io.projectreactor:reactor-core:3.4.1=compileClasspath,implementationDependenciesMetadata,runtimeClasspath,testCompileClasspath,testImplementationDependenciesMetadata
io.projectreactor:reactor-core:3.7.6=testRuntimeClasspath
jakarta.activation:jakarta.activation-api:1.2.1=dokkaGfmPartialRuntime,dokkaGfmRuntime,dokkaHtmlPartialRuntime,dokkaHtmlRuntime,dokkaJavadocPartialRuntime,dokkaJavadocRuntime,dokkaJekyllPartialRuntime,dokkaJekyllRuntime
jakarta.activation:jakarta.activation-api:2.1.3=testCompileClasspath,testImplementationDependenciesMetadata,testRuntimeClasspath
jakarta.annotation:jakarta.annotation-api:2.1.1=testCompileClasspath,testImplementationDependenciesMetadata,testRuntimeClasspath
jakarta.xml.bind:jakarta.xml.bind-api:2.3.2=dokkaGfmPartialRuntime,dokkaGfmRuntime,dokkaHtmlPartialRuntime,dokkaHtmlRuntime,dokkaJavadocPartialRuntime,dokkaJavadocRuntime,dokkaJekyllPartialRuntime,dokkaJekyllRuntime
jakarta.xml.bind:jakarta.xml.bind-api:4.0.2=testCompileClasspath,testImplementationDependenciesMetadata,testRuntimeClasspath
junit:junit:4.13.2=testRuntimeClasspath
net.bytebuddy:byte-buddy-agent:1.15.11=testCompileClasspath,testImplementationDependenciesMetadata,testRuntimeClasspath
net.bytebuddy:byte-buddy:1.15.11=testCompileClasspath,testImplementationDependenciesMetadata,testRuntimeClasspath
net.minidev:accessors-smart:2.5.2=testCompileClasspath,testImplementationDependenciesMetadata,testRuntimeClasspath
net.minidev:json-smart:2.5.2=testCompileClasspath,testImplementationDependenciesMetadata,testRuntimeClasspath
org.apache.logging.log4j:log4j-api:2.24.3=testCompileClasspath,testImplementationDependenciesMetadata,testRuntimeClasspath
org.apache.logging.log4j:log4j-to-slf4j:2.24.3=testCompileClasspath,testImplementationDependenciesMetadata,testRuntimeClasspath
org.apiguardian:apiguardian-api:1.1.2=testCompileClasspath,testImplementationDependenciesMetadata
org.assertj:assertj-core:3.27.3=testCompileClasspath,testImplementationDependenciesMetadata,testRuntimeClasspath
org.awaitility:awaitility:4.3.0=testCompileClasspath,testImplementationDependenciesMetadata,testRuntimeClasspath
org.codehaus.woodstox:stax2-api:4.2.1=dokkaGfmPartialRuntime,dokkaGfmRuntime,dokkaHtmlPartialRuntime,dokkaHtmlRuntime,dokkaJavadocPartialRuntime,dokkaJavadocRuntime,dokkaJekyllPartialRuntime,dokkaJekyllRuntime
org.ec4j.core:ec4j-core:0.3.0=ktlint,ktlintBaselineReporter,ktlintRuleset
org.freemarker:freemarker:2.3.32=dokkaGfmPartialPlugin,dokkaGfmPlugin,dokkaHtmlPartialPlugin,dokkaHtmlPlugin,dokkaJavadocPartialPlugin,dokkaJavadocPlugin,dokkaJekyllPartialPlugin,dokkaJekyllPlugin
org.hamcrest:hamcrest-core:1.3=testRuntimeClasspath
org.hamcrest:hamcrest:3.0=testCompileClasspath,testImplementationDependenciesMetadata,testRuntimeClasspath
org.jetbrains.dokka:analysis-kotlin-descriptors:2.0.0=dokkaGfmPartialPlugin,dokkaGfmPlugin,dokkaHtmlPartialPlugin,dokkaHtmlPlugin,dokkaJavadocPartialPlugin,dokkaJavadocPlugin,dokkaJekyllPartialPlugin,dokkaJekyllPlugin
org.jetbrains.dokka:analysis-markdown:2.0.0=dokkaGfmPartialPlugin,dokkaGfmPlugin,dokkaHtmlPartialPlugin,dokkaHtmlPlugin,dokkaJavadocPartialPlugin,dokkaJavadocPlugin,dokkaJekyllPartialPlugin,dokkaJekyllPlugin
org.jetbrains.dokka:dokka-base:2.0.0=dokkaGfmPartialPlugin,dokkaGfmPlugin,dokkaHtmlPartialPlugin,dokkaHtmlPlugin,dokkaJavadocPartialPlugin,dokkaJavadocPlugin,dokkaJekyllPartialPlugin,dokkaJekyllPlugin
org.jetbrains.dokka:dokka-core:2.0.0=dokkaGfmPartialRuntime,dokkaGfmRuntime,dokkaHtmlPartialRuntime,dokkaHtmlRuntime,dokkaJavadocPartialRuntime,dokkaJavadocRuntime,dokkaJekyllPartialRuntime,dokkaJekyllRuntime
org.jetbrains.intellij.deps:trove4j:1.0.20200330=kotlinBuildToolsApiClasspath,kotlinCompilerClasspath,kotlinKlibCommonizerClasspath,ktlint,ktlintBaselineReporter,ktlintRuleset,testRuntimeClasspath
org.jetbrains.kotlin:kotlin-bom:2.1.21=runtimeClasspath,testRuntimeClasspath
org.jetbrains.kotlin:kotlin-build-tools-api:2.1.21=kotlinBuildToolsApiClasspath
org.jetbrains.kotlin:kotlin-build-tools-impl:2.1.21=kotlinBuildToolsApiClasspath
org.jetbrains.kotlin:kotlin-compiler-embeddable:1.9.10=ktlint,ktlintBaselineReporter,ktlintRuleset
org.jetbrains.kotlin:kotlin-compiler-embeddable:2.1.21=kotlinBuildToolsApiClasspath,kotlinCompilerClasspath,kotlinKlibCommonizerClasspath,testRuntimeClasspath
org.jetbrains.kotlin:kotlin-compiler-runner:2.1.21=kotlinBuildToolsApiClasspath
org.jetbrains.kotlin:kotlin-daemon-client:2.1.21=kotlinBuildToolsApiClasspath
org.jetbrains.kotlin:kotlin-daemon-embeddable:1.9.10=ktlint,ktlintBaselineReporter,ktlintRuleset
org.jetbrains.kotlin:kotlin-daemon-embeddable:2.1.21=kotlinBuildToolsApiClasspath,kotlinCompilerClasspath,kotlinKlibCommonizerClasspath,testRuntimeClasspath
org.jetbrains.kotlin:kotlin-klib-commonizer-embeddable:2.1.21=kotlinKlibCommonizerClasspath
org.jetbrains.kotlin:kotlin-reflect:1.6.10=kotlinBuildToolsApiClasspath,kotlinCompilerClasspath,kotlinKlibCommonizerClasspath,ktlint,ktlintBaselineReporter,ktlintRuleset
org.jetbrains.kotlin:kotlin-reflect:2.0.20=dokkaGfmPartialPlugin,dokkaGfmPartialRuntime,dokkaGfmPlugin,dokkaGfmRuntime,dokkaHtmlPartialPlugin,dokkaHtmlPartialRuntime,dokkaHtmlPlugin,dokkaHtmlRuntime,dokkaJavadocPartialPlugin,dokkaJavadocPartialRuntime,dokkaJavadocPlugin,dokkaJavadocRuntime,dokkaJekyllPartialPlugin,dokkaJekyllPartialRuntime,dokkaJekyllPlugin,dokkaJekyllRuntime
org.jetbrains.kotlin:kotlin-reflect:2.1.21=testRuntimeClasspath
org.jetbrains.kotlin:kotlin-script-runtime:1.9.10=ktlint,ktlintBaselineReporter,ktlintRuleset
org.jetbrains.kotlin:kotlin-script-runtime:2.1.21=kotlinBuildToolsApiClasspath,kotlinCompilerClasspath,kotlinCompilerPluginClasspathMain,kotlinCompilerPluginClasspathTest,kotlinKlibCommonizerClasspath,testRuntimeClasspath
org.jetbrains.kotlin:kotlin-scripting-common:2.1.21=kotlinBuildToolsApiClasspath,kotlinCompilerPluginClasspathMain,kotlinCompilerPluginClasspathTest,testRuntimeClasspath
org.jetbrains.kotlin:kotlin-scripting-compiler-embeddable:2.1.21=kotlinBuildToolsApiClasspath,kotlinCompilerPluginClasspathMain,kotlinCompilerPluginClasspathTest,testRuntimeClasspath
org.jetbrains.kotlin:kotlin-scripting-compiler-impl-embeddable:2.1.21=kotlinBuildToolsApiClasspath,kotlinCompilerPluginClasspathMain,kotlinCompilerPluginClasspathTest,testRuntimeClasspath
org.jetbrains.kotlin:kotlin-scripting-jvm-host:2.1.21=testRuntimeClasspath
org.jetbrains.kotlin:kotlin-scripting-jvm:2.1.21=kotlinBuildToolsApiClasspath,kotlinCompilerPluginClasspathMain,kotlinCompilerPluginClasspathTest,testRuntimeClasspath
org.jetbrains.kotlin:kotlin-serialization-compiler-plugin-embeddable:2.1.21=kotlinCompilerPluginClasspathMain,kotlinCompilerPluginClasspathTest
org.jetbrains.kotlin:kotlin-stdlib-common:1.8.20=dokkaGfmPartialPlugin,dokkaGfmPartialRuntime,dokkaGfmPlugin,dokkaGfmRuntime,dokkaHtmlPartialPlugin,dokkaHtmlPartialRuntime,dokkaHtmlPlugin,dokkaHtmlRuntime,dokkaJavadocPartialPlugin,dokkaJavadocPartialRuntime,dokkaJavadocPlugin,dokkaJavadocRuntime,dokkaJekyllPartialPlugin,dokkaJekyllPartialRuntime,dokkaJekyllPlugin,dokkaJekyllRuntime
org.jetbrains.kotlin:kotlin-stdlib-common:1.9.10=ktlint,ktlintBaselineReporter,ktlintReporter,ktlintRuleset
org.jetbrains.kotlin:kotlin-stdlib-common:1.9.21=implementationDependenciesMetadata,testImplementationDependenciesMetadata
org.jetbrains.kotlin:kotlin-stdlib-jdk7:1.8.20=dokkaGfmPartialPlugin,dokkaGfmPartialRuntime,dokkaGfmPlugin,dokkaGfmRuntime,dokkaHtmlPartialPlugin,dokkaHtmlPartialRuntime,dokkaHtmlPlugin,dokkaHtmlRuntime,dokkaJavadocPartialPlugin,dokkaJavadocPartialRuntime,dokkaJavadocPlugin,dokkaJavadocRuntime,dokkaJekyllPartialPlugin,dokkaJekyllPartialRuntime,dokkaJekyllPlugin,dokkaJekyllRuntime
org.jetbrains.kotlin:kotlin-stdlib-jdk7:1.9.10=ktlint,ktlintBaselineReporter,ktlintReporter,ktlintRuleset
org.jetbrains.kotlin:kotlin-stdlib-jdk8:1.8.20=dokkaGfmPartialPlugin,dokkaGfmPartialRuntime,dokkaGfmPlugin,dokkaGfmRuntime,dokkaHtmlPartialPlugin,dokkaHtmlPartialRuntime,dokkaHtmlPlugin,dokkaHtmlRuntime,dokkaJavadocPartialPlugin,dokkaJavadocPartialRuntime,dokkaJavadocPlugin,dokkaJavadocRuntime,dokkaJekyllPartialPlugin,dokkaJekyllPartialRuntime,dokkaJekyllPlugin,dokkaJekyllRuntime
org.jetbrains.kotlin:kotlin-stdlib-jdk8:1.9.10=ktlint,ktlintBaselineReporter,ktlintReporter,ktlintRuleset
org.jetbrains.kotlin:kotlin-stdlib:1.9.10=ktlint,ktlintBaselineReporter,ktlintReporter,ktlintRuleset
org.jetbrains.kotlin:kotlin-stdlib:2.0.20=dokkaGfmPartialPlugin,dokkaGfmPartialRuntime,dokkaGfmPlugin,dokkaGfmRuntime,dokkaHtmlPartialPlugin,dokkaHtmlPartialRuntime,dokkaHtmlPlugin,dokkaHtmlRuntime,dokkaJavadocPartialPlugin,dokkaJavadocPartialRuntime,dokkaJavadocPlugin,dokkaJavadocRuntime,dokkaJekyllPartialPlugin,dokkaJekyllPartialRuntime,dokkaJekyllPlugin,dokkaJekyllRuntime
org.jetbrains.kotlin:kotlin-stdlib:2.1.21=apiDependenciesMetadata,compileClasspath,implementationDependenciesMetadata,kotlinBuildToolsApiClasspath,kotlinCompilerClasspath,kotlinCompilerPluginClasspathMain,kotlinCompilerPluginClasspathTest,kotlinKlibCommonizerClasspath,testCompileClasspath,testImplementationDependenciesMetadata
org.jetbrains.kotlin:kotlin-stdlib:2.2.0=runtimeClasspath,testRuntimeClasspath
org.jetbrains.kotlinx:atomicfu:0.23.1=implementationDependenciesMetadata,testImplementationDependenciesMetadata
org.jetbrains.kotlinx:kotlinx-coroutines-bom:1.6.4=testRuntimeClasspath
org.jetbrains.kotlinx:kotlinx-coroutines-bom:1.7.3=dokkaGfmPartialPlugin,dokkaGfmPartialRuntime,dokkaGfmPlugin,dokkaGfmRuntime,dokkaHtmlPartialPlugin,dokkaHtmlPartialRuntime,dokkaHtmlPlugin,dokkaHtmlRuntime,dokkaJavadocPartialPlugin,dokkaJavadocPartialRuntime,dokkaJavadocPlugin,dokkaJavadocRuntime,dokkaJekyllPartialPlugin,dokkaJekyllPartialRuntime,dokkaJekyllPlugin,dokkaJekyllRuntime
org.jetbrains.kotlinx:kotlinx-coroutines-core-jvm:1.10.2=compileClasspath,implementationDependenciesMetadata,runtimeClasspath,testCompileClasspath,testImplementationDependenciesMetadata,testRuntimeClasspath
org.jetbrains.kotlinx:kotlinx-coroutines-core-jvm:1.7.3=dokkaGfmPartialPlugin,dokkaGfmPartialRuntime,dokkaGfmPlugin,dokkaGfmRuntime,dokkaHtmlPartialPlugin,dokkaHtmlPartialRuntime,dokkaHtmlPlugin,dokkaHtmlRuntime,dokkaJavadocPartialPlugin,dokkaJavadocPartialRuntime,dokkaJavadocPlugin,dokkaJavadocRuntime,dokkaJekyllPartialPlugin,dokkaJekyllPartialRuntime,dokkaJekyllPlugin,dokkaJekyllRuntime
org.jetbrains.kotlinx:kotlinx-coroutines-core-jvm:1.8.0=kotlinBuildToolsApiClasspath,kotlinCompilerClasspath,kotlinKlibCommonizerClasspath
org.jetbrains.kotlinx:kotlinx-coroutines-core:1.10.2=compileClasspath,implementationDependenciesMetadata,runtimeClasspath,testCompileClasspath,testImplementationDependenciesMetadata,testRuntimeClasspath
org.jetbrains.kotlinx:kotlinx-coroutines-core:1.7.3=dokkaGfmPartialPlugin,dokkaGfmPartialRuntime,dokkaGfmPlugin,dokkaGfmRuntime,dokkaHtmlPartialPlugin,dokkaHtmlPartialRuntime,dokkaHtmlPlugin,dokkaHtmlRuntime,dokkaJavadocPartialPlugin,dokkaJavadocPartialRuntime,dokkaJavadocPlugin,dokkaJavadocRuntime,dokkaJekyllPartialPlugin,dokkaJekyllPartialRuntime,dokkaJekyllPlugin,dokkaJekyllRuntime
org.jetbrains.kotlinx:kotlinx-coroutines-jdk8:1.10.2=compileClasspath,implementationDependenciesMetadata,runtimeClasspath,testCompileClasspath,testImplementationDependenciesMetadata,testRuntimeClasspath
org.jetbrains.kotlinx:kotlinx-coroutines-reactive:1.10.2=compileClasspath,implementationDependenciesMetadata,runtimeClasspath,testCompileClasspath,testImplementationDependenciesMetadata,testRuntimeClasspath
org.jetbrains.kotlinx:kotlinx-coroutines-reactor:1.10.2=compileClasspath,implementationDependenciesMetadata,runtimeClasspath,testCompileClasspath,testImplementationDependenciesMetadata,testRuntimeClasspath
org.jetbrains.kotlinx:kotlinx-coroutines-slf4j:1.10.2=compileClasspath,implementationDependenciesMetadata,runtimeClasspath,testCompileClasspath,testImplementationDependenciesMetadata,testRuntimeClasspath
org.jetbrains.kotlinx:kotlinx-html-jvm:0.9.1=dokkaGfmPartialPlugin,dokkaGfmPlugin,dokkaHtmlPartialPlugin,dokkaHtmlPlugin,dokkaJavadocPartialPlugin,dokkaJavadocPlugin,dokkaJekyllPartialPlugin,dokkaJekyllPlugin
org.jetbrains.kotlinx:kotlinx-io-bytestring-jvm:0.7.0=compileClasspath,runtimeClasspath,testCompileClasspath,testRuntimeClasspath
org.jetbrains.kotlinx:kotlinx-io-bytestring:0.7.0=compileClasspath,implementationDependenciesMetadata,runtimeClasspath,testCompileClasspath,testImplementationDependenciesMetadata,testRuntimeClasspath
org.jetbrains.kotlinx:kotlinx-io-core-jvm:0.7.0=compileClasspath,runtimeClasspath,testCompileClasspath,testRuntimeClasspath
org.jetbrains.kotlinx:kotlinx-io-core:0.7.0=compileClasspath,implementationDependenciesMetadata,runtimeClasspath,testCompileClasspath,testImplementationDependenciesMetadata,testRuntimeClasspath
org.jetbrains.kotlinx:kotlinx-serialization-bom:1.8.1=compileClasspath,runtimeClasspath,testCompileClasspath,testRuntimeClasspath
org.jetbrains.kotlinx:kotlinx-serialization-core-jvm:1.4.1=ktlintReporter
org.jetbrains.kotlinx:kotlinx-serialization-core-jvm:1.8.1=compileClasspath,runtimeClasspath,testCompileClasspath,testRuntimeClasspath
org.jetbrains.kotlinx:kotlinx-serialization-core:1.4.1=ktlintReporter
org.jetbrains.kotlinx:kotlinx-serialization-core:1.8.1=compileClasspath,implementationDependenciesMetadata,runtimeClasspath,testCompileClasspath,testImplementationDependenciesMetadata,testRuntimeClasspath
org.jetbrains.kotlinx:kotlinx-serialization-json-io-jvm:1.8.1=compileClasspath,runtimeClasspath,testCompileClasspath,testRuntimeClasspath
org.jetbrains.kotlinx:kotlinx-serialization-json-io:1.8.1=compileClasspath,implementationDependenciesMetadata,runtimeClasspath,testCompileClasspath,testImplementationDependenciesMetadata,testRuntimeClasspath
org.jetbrains.kotlinx:kotlinx-serialization-json-jvm:1.4.1=ktlintReporter
org.jetbrains.kotlinx:kotlinx-serialization-json-jvm:1.8.1=compileClasspath,runtimeClasspath,testCompileClasspath,testRuntimeClasspath
org.jetbrains.kotlinx:kotlinx-serialization-json:1.4.1=ktlintReporter
org.jetbrains.kotlinx:kotlinx-serialization-json:1.8.1=compileClasspath,implementationDependenciesMetadata,runtimeClasspath,testCompileClasspath,testImplementationDependenciesMetadata,testRuntimeClasspath
org.jetbrains.kotlinx:kover-jvm-agent:0.9.1=koverJvmAgent,koverJvmReporter
org.jetbrains:annotations:13.0=apiDependenciesMetadata,kotlinBuildToolsApiClasspath,kotlinCompilerClasspath,kotlinCompilerPluginClasspathMain,kotlinCompilerPluginClasspathTest,kotlinKlibCommonizerClasspath,ktlint,ktlintBaselineReporter,ktlintReporter,ktlintRuleset
org.jetbrains:annotations:23.0.0=compileClasspath,dokkaGfmPartialPlugin,dokkaGfmPartialRuntime,dokkaGfmPlugin,dokkaGfmRuntime,dokkaHtmlPartialPlugin,dokkaHtmlPartialRuntime,dokkaHtmlPlugin,dokkaHtmlRuntime,dokkaJavadocPartialPlugin,dokkaJavadocPartialRuntime,dokkaJavadocPlugin,dokkaJavadocRuntime,dokkaJekyllPartialPlugin,dokkaJekyllPartialRuntime,dokkaJekyllPlugin,dokkaJekyllRuntime,implementationDependenciesMetadata,runtimeClasspath,testCompileClasspath,testImplementationDependenciesMetadata,testRuntimeClasspath
org.jetbrains:markdown-jvm:0.7.3=dokkaGfmPartialPlugin,dokkaGfmPlugin,dokkaHtmlPartialPlugin,dokkaHtmlPlugin,dokkaJavadocPartialPlugin,dokkaJavadocPlugin,dokkaJekyllPartialPlugin,dokkaJekyllPlugin
org.jetbrains:markdown:0.7.3=dokkaGfmPartialPlugin,dokkaGfmPlugin,dokkaHtmlPartialPlugin,dokkaHtmlPlugin,dokkaJavadocPartialPlugin,dokkaJavadocPlugin,dokkaJekyllPartialPlugin,dokkaJekyllPlugin
org.jsoup:jsoup:1.16.1=dokkaGfmPartialPlugin,dokkaGfmPlugin,dokkaHtmlPartialPlugin,dokkaHtmlPlugin,dokkaJavadocPartialPlugin,dokkaJavadocPlugin,dokkaJekyllPartialPlugin,dokkaJekyllPlugin
org.junit.jupiter:junit-jupiter-api:5.13.0=testCompileClasspath,testImplementationDependenciesMetadata,testRuntimeClasspath
org.junit.jupiter:junit-jupiter-engine:5.13.0=testRuntimeClasspath
org.junit.jupiter:junit-jupiter-params:5.13.0=testCompileClasspath,testImplementationDependenciesMetadata,testRuntimeClasspath
org.junit.jupiter:junit-jupiter:5.13.0=testCompileClasspath,testImplementationDependenciesMetadata,testRuntimeClasspath
org.junit.platform:junit-platform-commons:1.13.0=testCompileClasspath,testImplementationDependenciesMetadata,testRuntimeClasspath
org.junit.platform:junit-platform-engine:1.13.0=testRuntimeClasspath
org.junit.platform:junit-platform-launcher:1.13.0=testRuntimeClasspath
org.junit:junit-bom:5.13.0=testCompileClasspath,testImplementationDependenciesMetadata,testRuntimeClasspath
org.mockito:mockito-core:5.17.0=testCompileClasspath,testImplementationDependenciesMetadata,testRuntimeClasspath
org.mockito:mockito-junit-jupiter:5.17.0=testCompileClasspath,testImplementationDependenciesMetadata,testRuntimeClasspath
org.objenesis:objenesis:3.3=testCompileClasspath,testRuntimeClasspath
org.opentest4j:opentest4j:1.3.0=testCompileClasspath,testImplementationDependenciesMetadata,testRuntimeClasspath
org.ow2.asm:asm:9.7.1=testCompileClasspath,testImplementationDependenciesMetadata,testRuntimeClasspath
org.reactivestreams:reactive-streams:1.0.3=compileClasspath,implementationDependenciesMetadata,runtimeClasspath,testCompileClasspath,testImplementationDependenciesMetadata
org.reactivestreams:reactive-streams:1.0.4=testRuntimeClasspath
org.skyscreamer:jsonassert:1.5.3=testCompileClasspath,testImplementationDependenciesMetadata,testRuntimeClasspath
org.slf4j:jul-to-slf4j:2.0.17=testCompileClasspath,testImplementationDependenciesMetadata,testRuntimeClasspath
org.slf4j:slf4j-api:2.0.16=compileClasspath,implementationDependenciesMetadata,runtimeClasspath
org.slf4j:slf4j-api:2.0.17=testCompileClasspath,testImplementationDependenciesMetadata,testRuntimeClasspath
org.slf4j:slf4j-api:2.0.4=ktlint
org.springframework.boot:spring-boot-autoconfigure:3.5.0=testCompileClasspath,testImplementationDependenciesMetadata,testRuntimeClasspath
org.springframework.boot:spring-boot-configuration-processor:3.5.0=testRuntimeClasspath
org.springframework.boot:spring-boot-starter-json:3.5.0=testRuntimeClasspath
org.springframework.boot:spring-boot-starter-logging:3.5.0=testCompileClasspath,testImplementationDependenciesMetadata,testRuntimeClasspath
org.springframework.boot:spring-boot-starter-reactor-netty:3.5.0=testRuntimeClasspath
org.springframework.boot:spring-boot-starter-test:3.5.0=testCompileClasspath,testImplementationDependenciesMetadata,testRuntimeClasspath
org.springframework.boot:spring-boot-starter-webflux:3.5.0=testRuntimeClasspath
org.springframework.boot:spring-boot-starter:3.5.0=testCompileClasspath,testImplementationDependenciesMetadata,testRuntimeClasspath
org.springframework.boot:spring-boot-test-autoconfigure:3.5.0=testCompileClasspath,testImplementationDependenciesMetadata,testRuntimeClasspath
org.springframework.boot:spring-boot-test:3.5.0=testCompileClasspath,testImplementationDependenciesMetadata,testRuntimeClasspath
org.springframework.boot:spring-boot:3.5.0=testCompileClasspath,testImplementationDependenciesMetadata,testRuntimeClasspath
org.springframework:spring-aop:6.2.7=testCompileClasspath,testImplementationDependenciesMetadata,testRuntimeClasspath
org.springframework:spring-beans:6.2.7=testCompileClasspath,testImplementationDependenciesMetadata,testRuntimeClasspath
org.springframework:spring-context:6.2.7=testCompileClasspath,testImplementationDependenciesMetadata,testRuntimeClasspath
org.springframework:spring-core:6.2.7=testCompileClasspath,testImplementationDependenciesMetadata,testRuntimeClasspath
org.springframework:spring-expression:6.2.7=testCompileClasspath,testImplementationDependenciesMetadata,testRuntimeClasspath
org.springframework:spring-jcl:6.2.7=testCompileClasspath,testImplementationDependenciesMetadata,testRuntimeClasspath
org.springframework:spring-test:6.2.7=testCompileClasspath,testImplementationDependenciesMetadata,testRuntimeClasspath
org.springframework:spring-web:6.2.7=testRuntimeClasspath
org.springframework:spring-webflux:6.2.7=testRuntimeClasspath
org.xmlunit:xmlunit-core:2.10.1=testCompileClasspath,testImplementationDependenciesMetadata,testRuntimeClasspath
org.yaml:snakeyaml:2.4=testCompileClasspath,testImplementationDependenciesMetadata,testRuntimeClasspath
empty=annotationProcessor,compileOnlyDependenciesMetadata,dokkaPlugin,dokkaRuntime,intransitiveDependenciesMetadata,kotlinCompilerPluginClasspath,kotlinNativeCompilerPluginClasspath,kotlinScriptDefExtensions,koverExternalArtifacts,koverExternalArtifactsJvm,testAnnotationProcessor,testApiDependenciesMetadata,testCompileOnlyDependenciesMetadata,testIntransitiveDependenciesMetadata,testKotlinScriptDefExtensions
